
Microsoft Visual Studio Solution File, Format Version 12.00
# Visual Studio Version 16
VisualStudioVersion = 16.0.31321.278
MinimumVisualStudioVersion = 10.0.40219.1
Project("{FAE04EC0-301F-11D3-BF4B-00C04F79EFBC}") = "ConsoleApp2", "ConsoleApp2\ConsoleApp2.csproj", "{27ABCC37-0B74-4968-A426-28B7F9707EFA}"
EndProject
Global
	GlobalSection(SolutionConfigurationPlatforms) = preSolution
		Debug|Any CPU = Debug|Any CPU
		Release|Any CPU = Release|Any CPU
	EndGlobalSection
	GlobalSection(ProjectConfigurationPlatforms) = postSolution
		{27ABCC37-0B74-4968-A426-28B7F9707EFA}.Debug|Any CPU.ActiveCfg = Debug|Any CPU
		{27ABCC37-0B74-4968-A426-28B7F9707EFA}.Debug|Any CPU.Build.0 = Debug|Any CPU
		{27ABCC37-0B74-4968-A426-28B7F9707EFA}.Release|Any CPU.ActiveCfg = Release|Any CPU
		{27ABCC37-0B74-4968-A426-28B7F9707EFA}.Release|Any CPU.Build.0 = Release|Any CPU
	EndGlobalSection
	GlobalSection(SolutionProperties) = preSolution
		HideSolutionNode = FALSE
	EndGlobalSection
	GlobalSection(ExtensibilityGlobals) = postSolution
		SolutionGuid = {49F497FD-DF01-49F1-962E-C315E5413CA4}
	EndGlobalSection
EndGlobal
